
Microsoft Visual Studio Solution File, Format Version 12.00
# Visual Studio Version 17
VisualStudioVersion = 17.0.32126.317
MinimumVisualStudioVersion = 10.0.40219.1
Project("{FAE04EC0-301F-11D3-BF4B-00C04F79EFBC}") = "Demo", "Demo\Demo.csproj", "{120DA88D-2F2E-419D-AE97-E320C36D93CE}"
EndProject
Global
	GlobalSection(SolutionConfigurationPlatforms) = preSolution
		Debug|Any CPU = Debug|Any CPU
		Release|Any CPU = Release|Any CPU
	EndGlobalSection
	GlobalSection(ProjectConfigurationPlatforms) = postSolution
		{120DA88D-2F2E-419D-AE97-E320C36D93CE}.Debug|Any CPU.ActiveCfg = Debug|Any CPU
		{120DA88D-2F2E-419D-AE97-E320C36D93CE}.Debug|Any CPU.Build.0 = Debug|Any CPU
		{120DA88D-2F2E-419D-AE97-E320C36D93CE}.Release|Any CPU.ActiveCfg = Release|Any CPU
		{120DA88D-2F2E-419D-AE97-E320C36D93CE}.Release|Any CPU.Build.0 = Release|Any CPU
	EndGlobalSection
	GlobalSection(SolutionProperties) = preSolution
		HideSolutionNode = FALSE
	EndGlobalSection
	GlobalSection(ExtensibilityGlobals) = postSolution
		SolutionGuid = {E83C02DD-F1F5-42A5-AAB6-A0F1E52D57EB}
	EndGlobalSection
EndGlobal
